
Microsoft Visual Studio Solution File, Format Version 11.00
# Visual Studio 2010
Project("{FAE04EC0-301F-11D3-BF4B-00C04F79EFBC}") = "MemMapCache", "MemMapCache\MemMapCache.csproj", "{534BD00C-F32E-4BE7-8152-1E4B446E7052}"
EndProject
Project("{FAE04EC0-301F-11D3-BF4B-00C04F79EFBC}") = "MemMapCacheLib", "MemMapCacheLib\MemMapCacheLib.csproj", "{5E729049-2676-4EBC-B57B-7833A796CBAA}"
EndProject
Project("{FAE04EC0-301F-11D3-BF4B-00C04F79EFBC}") = "TestMemMapCache", "TestMemMapCache\TestMemMapCache.csproj", "{5525EE41-9487-4FA0-914C-7D14F3B296FA}"
EndProject
Project("{2150E333-8FDC-42A3-9474-1A3956D46DE8}") = "Solution Items", "Solution Items", "{0F3F9085-1845-48F0-B523-BA50DEC9BEF0}"
	ProjectSection(SolutionItems) = preProject
		Local.testsettings = Local.testsettings
		MemMapCache.vsmdi = MemMapCache.vsmdi
		TraceAndTestImpact.testsettings = TraceAndTestImpact.testsettings
	EndProjectSection
EndProject
Global
	GlobalSection(TestCaseManagementSettings) = postSolution
		CategoryFile = MemMapCache.vsmdi
	EndGlobalSection
	GlobalSection(SolutionConfigurationPlatforms) = preSolution
		Debug|Any CPU = Debug|Any CPU
		Debug|Mixed Platforms = Debug|Mixed Platforms
		Debug|x86 = Debug|x86
		Release|Any CPU = Release|Any CPU
		Release|Mixed Platforms = Release|Mixed Platforms
		Release|x86 = Release|x86
	EndGlobalSection
	GlobalSection(ProjectConfigurationPlatforms) = postSolution
		{534BD00C-F32E-4BE7-8152-1E4B446E7052}.Debug|Any CPU.ActiveCfg = Debug|x86
		{534BD00C-F32E-4BE7-8152-1E4B446E7052}.Debug|Mixed Platforms.ActiveCfg = Debug|x86
		{534BD00C-F32E-4BE7-8152-1E4B446E7052}.Debug|Mixed Platforms.Build.0 = Debug|x86
		{534BD00C-F32E-4BE7-8152-1E4B446E7052}.Debug|x86.ActiveCfg = Debug|x86
		{534BD00C-F32E-4BE7-8152-1E4B446E7052}.Debug|x86.Build.0 = Debug|x86
		{534BD00C-F32E-4BE7-8152-1E4B446E7052}.Release|Any CPU.ActiveCfg = Release|x86
		{534BD00C-F32E-4BE7-8152-1E4B446E7052}.Release|Mixed Platforms.ActiveCfg = Release|x86
		{534BD00C-F32E-4BE7-8152-1E4B446E7052}.Release|Mixed Platforms.Build.0 = Release|x86
		{534BD00C-F32E-4BE7-8152-1E4B446E7052}.Release|x86.ActiveCfg = Release|x86
		{534BD00C-F32E-4BE7-8152-1E4B446E7052}.Release|x86.Build.0 = Release|x86
		{5E729049-2676-4EBC-B57B-7833A796CBAA}.Debug|Any CPU.ActiveCfg = Debug|Any CPU
		{5E729049-2676-4EBC-B57B-7833A796CBAA}.Debug|Any CPU.Build.0 = Debug|Any CPU
		{5E729049-2676-4EBC-B57B-7833A796CBAA}.Debug|Mixed Platforms.ActiveCfg = Debug|Any CPU
		{5E729049-2676-4EBC-B57B-7833A796CBAA}.Debug|Mixed Platforms.Build.0 = Debug|Any CPU
		{5E729049-2676-4EBC-B57B-7833A796CBAA}.Debug|x86.ActiveCfg = Debug|Any CPU
		{5E729049-2676-4EBC-B57B-7833A796CBAA}.Release|Any CPU.ActiveCfg = Release|Any CPU
		{5E729049-2676-4EBC-B57B-7833A796CBAA}.Release|Any CPU.Build.0 = Release|Any CPU
		{5E729049-2676-4EBC-B57B-7833A796CBAA}.Release|Mixed Platforms.ActiveCfg = Release|Any CPU
		{5E729049-2676-4EBC-B57B-7833A796CBAA}.Release|Mixed Platforms.Build.0 = Release|Any CPU
		{5E729049-2676-4EBC-B57B-7833A796CBAA}.Release|x86.ActiveCfg = Release|Any CPU
		{5525EE41-9487-4FA0-914C-7D14F3B296FA}.Debug|Any CPU.ActiveCfg = Debug|Any CPU
		{5525EE41-9487-4FA0-914C-7D14F3B296FA}.Debug|Any CPU.Build.0 = Debug|Any CPU
		{5525EE41-9487-4FA0-914C-7D14F3B296FA}.Debug|Mixed Platforms.ActiveCfg = Debug|Any CPU
		{5525EE41-9487-4FA0-914C-7D14F3B296FA}.Debug|Mixed Platforms.Build.0 = Debug|Any CPU
		{5525EE41-9487-4FA0-914C-7D14F3B296FA}.Debug|x86.ActiveCfg = Debug|Any CPU
		{5525EE41-9487-4FA0-914C-7D14F3B296FA}.Release|Any CPU.ActiveCfg = Release|Any CPU
		{5525EE41-9487-4FA0-914C-7D14F3B296FA}.Release|Any CPU.Build.0 = Release|Any CPU
		{5525EE41-9487-4FA0-914C-7D14F3B296FA}.Release|Mixed Platforms.ActiveCfg = Release|Any CPU
		{5525EE41-9487-4FA0-914C-7D14F3B296FA}.Release|Mixed Platforms.Build.0 = Release|Any CPU
		{5525EE41-9487-4FA0-914C-7D14F3B296FA}.Release|x86.ActiveCfg = Release|Any CPU
	EndGlobalSection
	GlobalSection(SolutionProperties) = preSolution
		HideSolutionNode = FALSE
	EndGlobalSection
EndGlobal
